// !$*UTF8*$!
{
	archiveVersion = 1;
	classes = {
	};
	objectVersion = 46;
	objects = {

/* Begin PBXBuildFile section */
		9D1730B11AD081610030251D /* main.m in Sources */ = {isa = PBXBuildFile; fileRef = 9D1730B01AD081610030251D /* main.m */; };
		9D1730B41AD081610030251D /* AppDelegate.m in Sources */ = {isa = PBXBuildFile; fileRef = 9D1730B31AD081610030251D /* AppDelegate.m */; };
		9D1730B71AD081610030251D /* GameScene.m in Sources */ = {isa = PBXBuildFile; fileRef = 9D1730B61AD081610030251D /* GameScene.m */; };
		9D1730B91AD081610030251D /* GameScene.sks in Resources */ = {isa = PBXBuildFile; fileRef = 9D1730B81AD081610030251D /* GameScene.sks */; };
		9D1730BC1AD081610030251D /* GameViewController.m in Sources */ = {isa = PBXBuildFile; fileRef = 9D1730BB1AD081610030251D /* GameViewController.m */; };
		9D1730BF1AD081610030251D /* Main.storyboard in Resources */ = {isa = PBXBuildFile; fileRef = 9D1730BD1AD081610030251D /* Main.storyboard */; };
		9D1730C11AD081610030251D /* Images.xcassets in Resources */ = {isa = PBXBuildFile; fileRef = 9D1730C01AD081610030251D /* Images.xcassets */; };
		9D1730C41AD081610030251D /* LaunchScreen.xib in Resources */ = {isa = PBXBuildFile; fileRef = 9D1730C21AD081610030251D /* LaunchScreen.xib */; };
		9D1730D01AD081610030251D /* Space_CannonTests.m in Sources */ = {isa = PBXBuildFile; fileRef = 9D1730CF1AD081610030251D /* Space_CannonTests.m */; };
		9D5058C31AEEF3C200ADB966 /* Ammo0@2x.png in Resources */ = {isa = PBXBuildFile; fileRef = 9D5058B71AEEF3C200ADB966 /* Ammo0@2x.png */; };
		9D5058C41AEEF3C200ADB966 /* Ammo1@2x.png in Resources */ = {isa = PBXBuildFile; fileRef = 9D5058B81AEEF3C200ADB966 /* Ammo1@2x.png */; };
		9D5058C51AEEF3C200ADB966 /* Ammo2@2x.png in Resources */ = {isa = PBXBuildFile; fileRef = 9D5058B91AEEF3C200ADB966 /* Ammo2@2x.png */; };
		9D5058C61AEEF3C200ADB966 /* Ammo3@2x.png in Resources */ = {isa = PBXBuildFile; fileRef = 9D5058BA1AEEF3C200ADB966 /* Ammo3@2x.png */; };
		9D5058C71AEEF3C200ADB966 /* Ammo4@2x.png in Resources */ = {isa = PBXBuildFile; fileRef = 9D5058BB1AEEF3C200ADB966 /* Ammo4@2x.png */; };
		9D5058C81AEEF3C200ADB966 /* Ammo5@2x.png in Resources */ = {isa = PBXBuildFile; fileRef = 9D5058BC1AEEF3C200ADB966 /* Ammo5@2x.png */; };
		9D5058C91AEEF3C200ADB966 /* Ball@2x.png in Resources */ = {isa = PBXBuildFile; fileRef = 9D5058BD1AEEF3C200ADB966 /* Ball@2x.png */; };
		9D5058CB1AEEF3C200ADB966 /* BlueBar@2x.png in Resources */ = {isa = PBXBuildFile; fileRef = 9D5058BF1AEEF3C200ADB966 /* BlueBar@2x.png */; };
		9D5058CC1AEEF3C200ADB966 /* Cannon@2x.png in Resources */ = {isa = PBXBuildFile; fileRef = 9D5058C01AEEF3C200ADB966 /* Cannon@2x.png */; };
		9D5058CD1AEEF3C200ADB966 /* Halo@2x.png in Resources */ = {isa = PBXBuildFile; fileRef = 9D5058C11AEEF3C200ADB966 /* Halo@2x.png */; };
		9D5058CE1AEEF3C200ADB966 /* Starfield@2x.png in Resources */ = {isa = PBXBuildFile; fileRef = 9D5058C21AEEF3C200ADB966 /* Starfield@2x.png */; };
		9D5058D21AEEF47F00ADB966 /* Block@2x.png in Resources */ = {isa = PBXBuildFile; fileRef = 9D5058D11AEEF47F00ADB966 /* Block@2x.png */; };
		9D8E9ED91AE99BEB00D110E4 /* Starfield@2x.png in Resources */ = {isa = PBXBuildFile; fileRef = 9D8E9ED81AE99BEB00D110E4 /* Starfield@2x.png */; };
		9DD2AA6F1AE9AA6C00575224 /* haloExplosion.sks in Resources */ = {isa = PBXBuildFile; fileRef = 9DD2AA6D1AE9AA6C00575224 /* haloExplosion.sks */; };
		9DD2AA701AE9AA6C00575224 /* spark.png in Resources */ = {isa = PBXBuildFile; fileRef = 9DD2AA6E1AE9AA6C00575224 /* spark.png */; };
/* End PBXBuildFile section */

/* Begin PBXContainerItemProxy section */
		9D1730CA1AD081610030251D /* PBXContainerItemProxy */ = {
			isa = PBXContainerItemProxy;
			containerPortal = 9D1730A31AD081610030251D /* Project object */;
			proxyType = 1;
			remoteGlobalIDString = 9D1730AA1AD081610030251D;
			remoteInfo = "Space Cannon";
		};
/* End PBXContainerItemProxy section */

/* Begin PBXFileReference section */
		9D1730AB1AD081610030251D /* Space Cannon.app */ = {isa = PBXFileReference; explicitFileType = wrapper.application; includeInIndex = 0; path = "Space Cannon.app"; sourceTree = BUILT_PRODUCTS_DIR; };
		9D1730AF1AD081610030251D /* Info.plist */ = {isa = PBXFileReference; lastKnownFileType = text.plist.xml; path = Info.plist; sourceTree = "<group>"; };
		9D1730B01AD081610030251D /* main.m */ = {isa = PBXFileReference; lastKnownFileType = sourcecode.c.objc; path = main.m; sourceTree = "<group>"; };
		9D1730B21AD081610030251D /* AppDelegate.h */ = {isa = PBXFileReference; lastKnownFileType = sourcecode.c.h; path = AppDelegate.h; sourceTree = "<group>"; };
		9D1730B31AD081610030251D /* AppDelegate.m */ = {isa = PBXFileReference; lastKnownFileType = sourcecode.c.objc; path = AppDelegate.m; sourceTree = "<group>"; };
		9D1730B51AD081610030251D /* GameScene.h */ = {isa = PBXFileReference; lastKnownFileType = sourcecode.c.h; path = GameScene.h; sourceTree = "<group>"; };
		9D1730B61AD081610030251D /* GameScene.m */ = {isa = PBXFileReference; lastKnownFileType = sourcecode.c.objc; path = GameScene.m; sourceTree = "<group>"; };
		9D1730B81AD081610030251D /* GameScene.sks */ = {isa = PBXFileReference; lastKnownFileType = file.sks; path = GameScene.sks; sourceTree = "<group>"; };
		9D1730BA1AD081610030251D /* GameViewController.h */ = {isa = PBXFileReference; lastKnownFileType = sourcecode.c.h; path = GameViewController.h; sourceTree = "<group>"; };
		9D1730BB1AD081610030251D /* GameViewController.m */ = {isa = PBXFileReference; lastKnownFileType = sourcecode.c.objc; path = GameViewController.m; sourceTree = "<group>"; };
		9D1730BE1AD081610030251D /* Base */ = {isa = PBXFileReference; lastKnownFileType = file.storyboard; name = Base; path = Base.lproj/Main.storyboard; sourceTree = "<group>"; };
		9D1730C01AD081610030251D /* Images.xcassets */ = {isa = PBXFileReference; lastKnownFileType = folder.assetcatalog; path = Images.xcassets; sourceTree = "<group>"; };
		9D1730C31AD081610030251D /* Base */ = {isa = PBXFileReference; lastKnownFileType = file.xib; name = Base; path = Base.lproj/LaunchScreen.xib; sourceTree = "<group>"; };
		9D1730C91AD081610030251D /* Space CannonTests.xctest */ = {isa = PBXFileReference; explicitFileType = wrapper.cfbundle; includeInIndex = 0; path = "Space CannonTests.xctest"; sourceTree = BUILT_PRODUCTS_DIR; };
		9D1730CE1AD081610030251D /* Info.plist */ = {isa = PBXFileReference; lastKnownFileType = text.plist.xml; path = Info.plist; sourceTree = "<group>"; };
		9D1730CF1AD081610030251D /* Space_CannonTests.m */ = {isa = PBXFileReference; lastKnownFileType = sourcecode.c.objc; path = Space_CannonTests.m; sourceTree = "<group>"; };
		9D5058B71AEEF3C200ADB966 /* Ammo0@2x.png */ = {isa = PBXFileReference; lastKnownFileType = image.png; path = "Ammo0@2x.png"; sourceTree = "<group>"; };
		9D5058B81AEEF3C200ADB966 /* Ammo1@2x.png */ = {isa = PBXFileReference; lastKnownFileType = image.png; path = "Ammo1@2x.png"; sourceTree = "<group>"; };
		9D5058B91AEEF3C200ADB966 /* Ammo2@2x.png */ = {isa = PBXFileReference; lastKnownFileType = image.png; path = "Ammo2@2x.png"; sourceTree = "<group>"; };
		9D5058BA1AEEF3C200ADB966 /* Ammo3@2x.png */ = {isa = PBXFileReference; lastKnownFileType = image.png; path = "Ammo3@2x.png"; sourceTree = "<group>"; };
		9D5058BB1AEEF3C200ADB966 /* Ammo4@2x.png */ = {isa = PBXFileReference; lastKnownFileType = image.png; path = "Ammo4@2x.png"; sourceTree = "<group>"; };
		9D5058BC1AEEF3C200ADB966 /* Ammo5@2x.png */ = {isa = PBXFileReference; lastKnownFileType = image.png; path = "Ammo5@2x.png"; sourceTree = "<group>"; };
		9D5058BD1AEEF3C200ADB966 /* Ball@2x.png */ = {isa = PBXFileReference; lastKnownFileType = image.png; path = "Ball@2x.png"; sourceTree = "<group>"; };
		9D5058BF1AEEF3C200ADB966 /* BlueBar@2x.png */ = {isa = PBXFileReference; lastKnownFileType = image.png; path = "BlueBar@2x.png"; sourceTree = "<group>"; };
		9D5058C01AEEF3C200ADB966 /* Cannon@2x.png */ = {isa = PBXFileReference; lastKnownFileType = image.png; path = "Cannon@2x.png"; sourceTree = "<group>"; };
		9D5058C11AEEF3C200ADB966 /* Halo@2x.png */ = {isa = PBXFileReference; lastKnownFileType = image.png; path = "Halo@2x.png"; sourceTree = "<group>"; };
		9D5058C21AEEF3C200ADB966 /* Starfield@2x.png */ = {isa = PBXFileReference; lastKnownFileType = image.png; path = "Starfield@2x.png"; sourceTree = "<group>"; };
		9D5058D11AEEF47F00ADB966 /* Block@2x.png */ = {isa = PBXFileReference; lastKnownFileType = image.png; path = "Block@2x.png"; sourceTree = "<group>"; };
		9D8E9ED81AE99BEB00D110E4 /* Starfield@2x.png */ = {isa = PBXFileReference; lastKnownFileType = image.png; path = "Starfield@2x.png"; sourceTree = "<group>"; };
		9DD2AA6D1AE9AA6C00575224 /* haloExplosion.sks */ = {isa = PBXFileReference; lastKnownFileType = file.sks; path = haloExplosion.sks; sourceTree = "<group>"; };
		9DD2AA6E1AE9AA6C00575224 /* spark.png */ = {isa = PBXFileReference; lastKnownFileType = image.png; path = spark.png; sourceTree = "<group>"; };
/* End PBXFileReference section */

/* Begin PBXFrameworksBuildPhase section */
		9D1730A81AD081610030251D /* Frameworks */ = {
			isa = PBXFrameworksBuildPhase;
			buildActionMask = 2147483647;
			files = (
			);
			runOnlyForDeploymentPostprocessing = 0;
		};
		9D1730C61AD081610030251D /* Frameworks */ = {
			isa = PBXFrameworksBuildPhase;
			buildActionMask = 2147483647;
			files = (
			);
			runOnlyForDeploymentPostprocessing = 0;
		};
/* End PBXFrameworksBuildPhase section */

/* Begin PBXGroup section */
		9D1730A21AD081610030251D = {
			isa = PBXGroup;
			children = (
				9D1730AD1AD081610030251D /* Space Cannon */,
				9D1730CC1AD081610030251D /* Space CannonTests */,
				9D1730AC1AD081610030251D /* Products */,
			);
			sourceTree = "<group>";
		};
		9D1730AC1AD081610030251D /* Products */ = {
			isa = PBXGroup;
			children = (
				9D1730AB1AD081610030251D /* Space Cannon.app */,
				9D1730C91AD081610030251D /* Space CannonTests.xctest */,
			);
			name = Products;
			sourceTree = "<group>";
		};
		9D1730AD1AD081610030251D /* Space Cannon */ = {
			isa = PBXGroup;
			children = (
				9D5058B61AEEF3C200ADB966 /* 14049620092014-04-16_03-09-08__SpaceCannonAssets */,
				9D1730B21AD081610030251D /* AppDelegate.h */,
				9D1730B31AD081610030251D /* AppDelegate.m */,
				9D1730B51AD081610030251D /* GameScene.h */,
				9D1730B61AD081610030251D /* GameScene.m */,
				9D1730B81AD081610030251D /* GameScene.sks */,
				9D1730BA1AD081610030251D /* GameViewController.h */,
				9D1730BB1AD081610030251D /* GameViewController.m */,
				9D1730BD1AD081610030251D /* Main.storyboard */,
				9D1730C01AD081610030251D /* Images.xcassets */,
				9D1730C21AD081610030251D /* LaunchScreen.xib */,
				9D1730AE1AD081610030251D /* Supporting Files */,
				9DD2AA6D1AE9AA6C00575224 /* haloExplosion.sks */,
				9DD2AA6E1AE9AA6C00575224 /* spark.png */,
			);
			path = "Space Cannon";
			sourceTree = "<group>";
		};
		9D1730AE1AD081610030251D /* Supporting Files */ = {
			isa = PBXGroup;
			children = (
				9D8E9ED81AE99BEB00D110E4 /* Starfield@2x.png */,
				9D1730AF1AD081610030251D /* Info.plist */,
				9D1730B01AD081610030251D /* main.m */,
			);
			name = "Supporting Files";
			sourceTree = "<group>";
		};
		9D1730CC1AD081610030251D /* Space CannonTests */ = {
			isa = PBXGroup;
			children = (
				9D1730CF1AD081610030251D /* Space_CannonTests.m */,
				9D1730CD1AD081610030251D /* Supporting Files */,
			);
			path = "Space CannonTests";
			sourceTree = "<group>";
		};
		9D1730CD1AD081610030251D /* Supporting Files */ = {
			isa = PBXGroup;
			children = (
				9D1730CE1AD081610030251D /* Info.plist */,
			);
			name = "Supporting Files";
			sourceTree = "<group>";
		};
		9D5058B61AEEF3C200ADB966 /* 14049620092014-04-16_03-09-08__SpaceCannonAssets */ = {
			isa = PBXGroup;
			children = (
				9D5058B71AEEF3C200ADB966 /* Ammo0@2x.png */,
				9D5058B81AEEF3C200ADB966 /* Ammo1@2x.png */,
				9D5058B91AEEF3C200ADB966 /* Ammo2@2x.png */,
				9D5058BA1AEEF3C200ADB966 /* Ammo3@2x.png */,
				9D5058BB1AEEF3C200ADB966 /* Ammo4@2x.png */,
				9D5058BC1AEEF3C200ADB966 /* Ammo5@2x.png */,
				9D5058BD1AEEF3C200ADB966 /* Ball@2x.png */,
				9D5058D11AEEF47F00ADB966 /* Block@2x.png */,
				9D5058BF1AEEF3C200ADB966 /* BlueBar@2x.png */,
				9D5058C01AEEF3C200ADB966 /* Cannon@2x.png */,
				9D5058C11AEEF3C200ADB966 /* Halo@2x.png */,
				9D5058C21AEEF3C200ADB966 /* Starfield@2x.png */,
			);
			path = "14049620092014-04-16_03-09-08__SpaceCannonAssets";
			sourceTree = "<group>";
		};
/* End PBXGroup section */

/* Begin PBXNativeTarget section */
		9D1730AA1AD081610030251D /* Space Cannon */ = {
			isa = PBXNativeTarget;
			buildConfigurationList = 9D1730D31AD081610030251D /* Build configuration list for PBXNativeTarget "Space Cannon" */;
			buildPhases = (
				9D1730A71AD081610030251D /* Sources */,
				9D1730A81AD081610030251D /* Frameworks */,
				9D1730A91AD081610030251D /* Resources */,
			);
			buildRules = (
			);
			dependencies = (
			);
			name = "Space Cannon";
			productName = "Space Cannon";
			productReference = 9D1730AB1AD081610030251D /* Space Cannon.app */;
			productType = "com.apple.product-type.application";
		};
		9D1730C81AD081610030251D /* Space CannonTests */ = {
			isa = PBXNativeTarget;
			buildConfigurationList = 9D1730D61AD081610030251D /* Build configuration list for PBXNativeTarget "Space CannonTests" */;
			buildPhases = (
				9D1730C51AD081610030251D /* Sources */,
				9D1730C61AD081610030251D /* Frameworks */,
				9D1730C71AD081610030251D /* Resources */,
			);
			buildRules = (
			);
			dependencies = (
				9D1730CB1AD081610030251D /* PBXTargetDependency */,
			);
			name = "Space CannonTests";
			productName = "Space CannonTests";
			productReference = 9D1730C91AD081610030251D /* Space CannonTests.xctest */;
			productType = "com.apple.product-type.bundle.unit-test";
		};
/* End PBXNativeTarget section */

/* Begin PBXProject section */
		9D1730A31AD081610030251D /* Project object */ = {
			isa = PBXProject;
			attributes = {
				LastUpgradeCheck = 0610;
				ORGANIZATIONNAME = "Samuel Peterson";
				TargetAttributes = {
					9D1730AA1AD081610030251D = {
						CreatedOnToolsVersion = 6.1.1;
					};
					9D1730C81AD081610030251D = {
						CreatedOnToolsVersion = 6.1.1;
						TestTargetID = 9D1730AA1AD081610030251D;
					};
				};
			};
			buildConfigurationList = 9D1730A61AD081610030251D /* Build configuration list for PBXProject "Space Cannon" */;
			compatibilityVersion = "Xcode 3.2";
			developmentRegion = English;
			hasScannedForEncodings = 0;
			knownRegions = (
				en,
				Base,
			);
			mainGroup = 9D1730A21AD081610030251D;
			productRefGroup = 9D1730AC1AD081610030251D /* Products */;
			projectDirPath = "";
			projectRoot = "";
			targets = (
				9D1730AA1AD081610030251D /* Space Cannon */,
				9D1730C81AD081610030251D /* Space CannonTests */,
			);
		};
/* End PBXProject section */

/* Begin PBXResourcesBuildPhase section */
		9D1730A91AD081610030251D /* Resources */ = {
			isa = PBXResourcesBuildPhase;
			buildActionMask = 2147483647;
			files = (
				9D5058D21AEEF47F00ADB966 /* Block@2x.png in Resources */,
				9D5058C81AEEF3C200ADB966 /* Ammo5@2x.png in Resources */,
				9D8E9ED91AE99BEB00D110E4 /* Starfield@2x.png in Resources */,
				9D5058C51AEEF3C200ADB966 /* Ammo2@2x.png in Resources */,
				9D5058C91AEEF3C200ADB966 /* Ball@2x.png in Resources */,
				9D1730C41AD081610030251D /* LaunchScreen.xib in Resources */,
				9D5058CD1AEEF3C200ADB966 /* Halo@2x.png in Resources */,
				9DD2AA701AE9AA6C00575224 /* spark.png in Resources */,
				9D5058C31AEEF3C200ADB966 /* Ammo0@2x.png in Resources */,
				9D5058CB1AEEF3C200ADB966 /* BlueBar@2x.png in Resources */,
				9D5058C61AEEF3C200ADB966 /* Ammo3@2x.png in Resources */,
				9D5058CC1AEEF3C200ADB966 /* Cannon@2x.png in Resources */,
				9D5058CE1AEEF3C200ADB966 /* Starfield@2x.png in Resources */,
				9DD2AA6F1AE9AA6C00575224 /* haloExplosion.sks in Resources */,
				9D5058C71AEEF3C200ADB966 /* Ammo4@2x.png in Resources */,
				9D1730C11AD081610030251D /* Images.xcassets in Resources */,
				9D1730B91AD081610030251D /* GameScene.sks in Resources */,
				9D1730BF1AD081610030251D /* Main.storyboard in Resources */,
				9D5058C41AEEF3C200ADB966 /* Ammo1@2x.png in Resources */,
			);
			runOnlyForDeploymentPostprocessing = 0;
		};
		9D1730C71AD081610030251D /* Resources */ = {
			isa = PBXResourcesBuildPhase;
			buildActionMask = 2147483647;
			files = (
			);
			runOnlyForDeploymentPostprocessing = 0;
		};
/* End PBXResourcesBuildPhase section */

/* Begin PBXSourcesBuildPhase section */
		9D1730A71AD081610030251D /* Sources */ = {
			isa = PBXSourcesBuildPhase;
			buildActionMask = 2147483647;
			files = (
				9D1730BC1AD081610030251D /* GameViewController.m in Sources */,
				9D1730B41AD081610030251D /* AppDelegate.m in Sources */,
				9D1730B71AD081610030251D /* GameScene.m in Sources */,
				9D1730B11AD081610030251D /* main.m in Sources */,
			);
			runOnlyForDeploymentPostprocessing = 0;
		};
		9D1730C51AD081610030251D /* Sources */ = {
			isa = PBXSourcesBuildPhase;
			buildActionMask = 2147483647;
			files = (
				9D1730D01AD081610030251D /* Space_CannonTests.m in Sources */,
			);
			runOnlyForDeploymentPostprocessing = 0;
		};
/* End PBXSourcesBuildPhase section */

/* Begin PBXTargetDependency section */
		9D1730CB1AD081610030251D /* PBXTargetDependency */ = {
			isa = PBXTargetDependency;
			target = 9D1730AA1AD081610030251D /* Space Cannon */;
			targetProxy = 9D1730CA1AD081610030251D /* PBXContainerItemProxy */;
		};
/* End PBXTargetDependency section */

/* Begin PBXVariantGroup section */
		9D1730BD1AD081610030251D /* Main.storyboard */ = {
			isa = PBXVariantGroup;
			children = (
				9D1730BE1AD081610030251D /* Base */,
			);
			name = Main.storyboard;
			sourceTree = "<group>";
		};
		9D1730C21AD081610030251D /* LaunchScreen.xib */ = {
			isa = PBXVariantGroup;
			children = (
				9D1730C31AD081610030251D /* Base */,
			);
			name = LaunchScreen.xib;
			sourceTree = "<group>";
		};
/* End PBXVariantGroup section */

/* Begin XCBuildConfiguration section */
		9D1730D11AD081610030251D /* Debug */ = {
			isa = XCBuildConfiguration;
			buildSettings = {
				ALWAYS_SEARCH_USER_PATHS = NO;
				CLANG_CXX_LANGUAGE_STANDARD = "gnu++0x";
				CLANG_CXX_LIBRARY = "libc++";
				CLANG_ENABLE_MODULES = YES;
				CLANG_ENABLE_OBJC_ARC = YES;
				CLANG_WARN_BOOL_CONVERSION = YES;
				CLANG_WARN_CONSTANT_CONVERSION = YES;
				CLANG_WARN_DIRECT_OBJC_ISA_USAGE = YES_ERROR;
				CLANG_WARN_EMPTY_BODY = YES;
				CLANG_WARN_ENUM_CONVERSION = YES;
				CLANG_WARN_INT_CONVERSION = YES;
				CLANG_WARN_OBJC_ROOT_CLASS = YES_ERROR;
				CLANG_WARN_UNREACHABLE_CODE = YES;
				CLANG_WARN__DUPLICATE_METHOD_MATCH = YES;
				"CODE_SIGN_IDENTITY[sdk=iphoneos*]" = "iPhone Developer";
				COPY_PHASE_STRIP = NO;
				ENABLE_STRICT_OBJC_MSGSEND = YES;
				GCC_C_LANGUAGE_STANDARD = gnu99;
				GCC_DYNAMIC_NO_PIC = NO;
				GCC_OPTIMIZATION_LEVEL = 0;
				GCC_PREPROCESSOR_DEFINITIONS = (
					"DEBUG=1",
					"$(inherited)",
				);
				GCC_SYMBOLS_PRIVATE_EXTERN = NO;
				GCC_WARN_64_TO_32_BIT_CONVERSION = YES;
				GCC_WARN_ABOUT_RETURN_TYPE = YES_ERROR;
				GCC_WARN_UNDECLARED_SELECTOR = YES;
				GCC_WARN_UNINITIALIZED_AUTOS = YES_AGGRESSIVE;
				GCC_WARN_UNUSED_FUNCTION = YES;
				GCC_WARN_UNUSED_VARIABLE = YES;
				IPHONEOS_DEPLOYMENT_TARGET = 8.1;
				MTL_ENABLE_DEBUG_INFO = YES;
				ONLY_ACTIVE_ARCH = YES;
				SDKROOT = iphoneos;
			};
			name = Debug;
		};
		9D1730D21AD081610030251D /* Release */ = {
			isa = XCBuildConfiguration;
			buildSettings = {
				ALWAYS_SEARCH_USER_PATHS = NO;
				CLANG_CXX_LANGUAGE_STANDARD = "gnu++0x";
				CLANG_CXX_LIBRARY = "libc++";
				CLANG_ENABLE_MODULES = YES;
				CLANG_ENABLE_OBJC_ARC = YES;
				CLANG_WARN_BOOL_CONVERSION = YES;
				CLANG_WARN_CONSTANT_CONVERSION = YES;
				CLANG_WARN_DIRECT_OBJC_ISA_USAGE = YES_ERROR;
				CLANG_WARN_EMPTY_BODY = YES;
				CLANG_WARN_ENUM_CONVERSION = YES;
				CLANG_WARN_INT_CONVERSION = YES;
				CLANG_WARN_OBJC_ROOT_CLASS = YES_ERROR;
				CLANG_WARN_UNREACHABLE_CODE = YES;
				CLANG_WARN__DUPLICATE_METHOD_MATCH = YES;
				"CODE_SIGN_IDENTITY[sdk=iphoneos*]" = "iPhone Developer";
				COPY_PHASE_STRIP = YES;
				ENABLE_NS_ASSERTIONS = NO;
				ENABLE_STRICT_OBJC_MSGSEND = YES;
				GCC_C_LANGUAGE_STANDARD = gnu99;
				GCC_WARN_64_TO_32_BIT_CONVERSION = YES;
				GCC_WARN_ABOUT_RETURN_TYPE = YES_ERROR;
				GCC_WARN_UNDECLARED_SELECTOR = YES;
				GCC_WARN_UNINITIALIZED_AUTOS = YES_AGGRESSIVE;
				GCC_WARN_UNUSED_FUNCTION = YES;
				GCC_WARN_UNUSED_VARIABLE = YES;
				IPHONEOS_DEPLOYMENT_TARGET = 8.1;
				MTL_ENABLE_DEBUG_INFO = NO;
				SDKROOT = iphoneos;
				VALIDATE_PRODUCT = YES;
			};
			name = Release;
		};
		9D1730D41AD081610030251D /* Debug */ = {
			isa = XCBuildConfiguration;
			buildSettings = {
				ASSETCATALOG_COMPILER_APPICON_NAME = AppIcon;
				INFOPLIST_FILE = "Space Cannon/Info.plist";
				LD_RUNPATH_SEARCH_PATHS = "$(inherited) @executable_path/Frameworks";
				PRODUCT_NAME = "$(TARGET_NAME)";
			};
			name = Debug;
		};
		9D1730D51AD081610030251D /* Release */ = {
			isa = XCBuildConfiguration;
			buildSettings = {
				ASSETCATALOG_COMPILER_APPICON_NAME = AppIcon;
				INFOPLIST_FILE = "Space Cannon/Info.plist";
				LD_RUNPATH_SEARCH_PATHS = "$(inherited) @executable_path/Frameworks";
				PRODUCT_NAME = "$(TARGET_NAME)";
			};
			name = Release;
		};
		9D1730D71AD081610030251D /* Debug */ = {
			isa = XCBuildConfiguration;
			buildSettings = {
				BUNDLE_LOADER = "$(TEST_HOST)";
				FRAMEWORK_SEARCH_PATHS = (
					"$(SDKROOT)/Developer/Library/Frameworks",
					"$(inherited)",
				);
				GCC_PREPROCESSOR_DEFINITIONS = (
					"DEBUG=1",
					"$(inherited)",
				);
				INFOPLIST_FILE = "Space CannonTests/Info.plist";
				LD_RUNPATH_SEARCH_PATHS = "$(inherited) @executable_path/Frameworks @loader_path/Frameworks";
				PRODUCT_NAME = "$(TARGET_NAME)";
				TEST_HOST = "$(BUILT_PRODUCTS_DIR)/Space Cannon.app/Space Cannon";
			};
			name = Debug;
		};
		9D1730D81AD081610030251D /* Release */ = {
			isa = XCBuildConfiguration;
			buildSettings = {
				BUNDLE_LOADER = "$(TEST_HOST)";
				FRAMEWORK_SEARCH_PATHS = (
					"$(SDKROOT)/Developer/Library/Frameworks",
					"$(inherited)",
				);
				INFOPLIST_FILE = "Space CannonTests/Info.plist";
				LD_RUNPATH_SEARCH_PATHS = "$(inherited) @executable_path/Frameworks @loader_path/Frameworks";
				PRODUCT_NAME = "$(TARGET_NAME)";
				TEST_HOST = "$(BUILT_PRODUCTS_DIR)/Space Cannon.app/Space Cannon";
			};
			name = Release;
		};
/* End XCBuildConfiguration section */

/* Begin XCConfigurationList section */
		9D1730A61AD081610030251D /* Build configuration list for PBXProject "Space Cannon" */ = {
			isa = XCConfigurationList;
			buildConfigurations = (
				9D1730D11AD081610030251D /* Debug */,
				9D1730D21AD081610030251D /* Release */,
			);
			defaultConfigurationIsVisible = 0;
			defaultConfigurationName = Release;
		};
		9D1730D31AD081610030251D /* Build configuration list for PBXNativeTarget "Space Cannon" */ = {
			isa = XCConfigurationList;
			buildConfigurations = (
				9D1730D41AD081610030251D /* Debug */,
				9D1730D51AD081610030251D /* Release */,
			);
			defaultConfigurationIsVisible = 0;
			defaultConfigurationName = Release;
		};
		9D1730D61AD081610030251D /* Build configuration list for PBXNativeTarget "Space CannonTests" */ = {
			isa = XCConfigurationList;
			buildConfigurations = (
				9D1730D71AD081610030251D /* Debug */,
				9D1730D81AD081610030251D /* Release */,
			);
			defaultConfigurationIsVisible = 0;
			defaultConfigurationName = Release;
		};
/* End XCConfigurationList section */
	};
	rootObject = 9D1730A31AD081610030251D /* Project object */;
}
